
Microsoft Visual Studio Solution File, Format Version 12.00
# Visual Studio Version 16
VisualStudioVersion = 16.0.29806.167
MinimumVisualStudioVersion = 10.0.40219.1
Project("{8BC9CEB8-8B4A-11D0-8D11-00A0C91BC942}") = "bookshelf", "bookshelf\bookshelf.vcxproj", "{3B21AD58-84B3-431B-8467-7C1ED46DC14A}"
EndProject
Global
	GlobalSection(SolutionConfigurationPlatforms) = preSolution
		Debug|x64 = Debug|x64
		Debug|x86 = Debug|x86
		Release|x64 = Release|x64
		Release|x86 = Release|x86
	EndGlobalSection
	GlobalSection(ProjectConfigurationPlatforms) = postSolution
		{3B21AD58-84B3-431B-8467-7C1ED46DC14A}.Debug|x64.ActiveCfg = Debug|x64
		{3B21AD58-84B3-431B-8467-7C1ED46DC14A}.Debug|x64.Build.0 = Debug|x64
		{3B21AD58-84B3-431B-8467-7C1ED46DC14A}.Debug|x86.ActiveCfg = Debug|Win32
		{3B21AD58-84B3-431B-8467-7C1ED46DC14A}.Debug|x86.Build.0 = Debug|Win32
		{3B21AD58-84B3-431B-8467-7C1ED46DC14A}.Release|x64.ActiveCfg = Release|x64
		{3B21AD58-84B3-431B-8467-7C1ED46DC14A}.Release|x64.Build.0 = Release|x64
		{3B21AD58-84B3-431B-8467-7C1ED46DC14A}.Release|x86.ActiveCfg = Release|Win32
		{3B21AD58-84B3-431B-8467-7C1ED46DC14A}.Release|x86.Build.0 = Release|Win32
	EndGlobalSection
	GlobalSection(SolutionProperties) = preSolution
		HideSolutionNode = FALSE
	EndGlobalSection
	GlobalSection(ExtensibilityGlobals) = postSolution
		SolutionGuid = {FAC314C7-CA0F-4041-996C-738F9AFA4962}
	EndGlobalSection
EndGlobal
